{
  "nodes": {
    "flakeNimbleLib": {
      "inputs": {
        "nixpkgs": [
          "nixpkgs"
        ]
      },
      "locked": {
        "lastModified": 1662018438,
        "narHash": "sha256-QtNtU6+LX3Wokxf0zlFwKTFOcn6TeDjKQZ+DA9OYtvM=",
        "owner": "riinr",
        "repo": "nim-flakes-lib",
        "rev": "b1fe8340736e3a85d25c709ac3dfd82a55c03cbf",
        "type": "github"
      },
      "original": {
        "owner": "riinr",
        "ref": "master",
        "repo": "nim-flakes-lib",
        "type": "github"
      }
    },
    "nixpkgs": {
      "locked": {
        "lastModified": 1667110639,
        "narHash": "sha256-4FbPESZ5LbqQxkJJJBAfk/zKgF9h/4kyUwjjpJwYlbc=",
        "owner": "NixOS",
        "repo": "nixpkgs",
        "rev": "f38a1f04d1bec1feb61fd101a0539ae2002a7087",
        "type": "github"
      },
      "original": {
        "id": "nixpkgs",
        "type": "indirect"
      }
    },
    "root": {
      "inputs": {
        "flakeNimbleLib": "flakeNimbleLib",
        "nixpkgs": "nixpkgs",
        "seqmath-0_1_2": "seqmath-0_1_2",
        "seqmath-master": "seqmath-master"
      }
    },
    "seqmath-0_1_2": {
      "inputs": {
        "flakeNimbleLib": [
          "flakeNimbleLib"
        ],
        "nixpkgs": [
          "nixpkgs"
        ],
        "src-seqmath-0_1_2": "src-seqmath-0_1_2"
      },
      "locked": {
        "dir": "0_1_2",
        "lastModified": 1662254805,
        "narHash": "sha256-iAQbkYXkda1qwuDUoVBGbu2Sou8rZpXXt2Pp7W1vfQA=",
        "owner": "nim-nix-pkgs",
        "repo": "seqmath",
        "rev": "7e5c5d1f0b974b515559cd7ad04b483e874271ef",
        "type": "github"
      },
      "original": {
        "dir": "0_1_2",
        "owner": "nim-nix-pkgs",
        "ref": "master",
        "repo": "seqmath",
        "type": "github"
      }
    },
    "seqmath-master": {
      "inputs": {
        "flakeNimbleLib": [
          "flakeNimbleLib"
        ],
        "nixpkgs": [
          "nixpkgs"
        ],
        "src-seqmath-master": "src-seqmath-master"
      },
      "locked": {
        "dir": "master",
        "lastModified": 1662254805,
        "narHash": "sha256-iAQbkYXkda1qwuDUoVBGbu2Sou8rZpXXt2Pp7W1vfQA=",
        "owner": "nim-nix-pkgs",
        "repo": "seqmath",
        "rev": "7e5c5d1f0b974b515559cd7ad04b483e874271ef",
        "type": "github"
      },
      "original": {
        "dir": "master",
        "owner": "nim-nix-pkgs",
        "ref": "master",
        "repo": "seqmath",
        "type": "github"
      }
    },
    "src-seqmath-0_1_2": {
      "flake": false,
      "locked": {
        "lastModified": 1566609501,
        "narHash": "sha256-WuxQsyScx8qby5H3yymYGecPqiR3DcHCzGwQKJyYBZY=",
        "owner": "jlp765",
        "repo": "seqmath",
        "rev": "c58e5a0882d7056b983aeec640062c3b43d22395",
        "type": "github"
      },
      "original": {
        "owner": "jlp765",
        "ref": "refs/tags/0.1.2",
        "repo": "seqmath",
        "type": "github"
      }
    },
    "src-seqmath-master": {
      "flake": false,
      "locked": {
        "lastModified": 1629875755,
        "narHash": "sha256-DW1fRwUW8cGj6llyaVNK9CabLh8BLVB5gSURcBSTs6U=",
        "owner": "jlp765",
        "repo": "seqmath",
        "rev": "31dfea23d2903f0961ade537350460f9363ae657",
        "type": "github"
      },
      "original": {
        "owner": "jlp765",
        "ref": "refs/heads/master",
        "repo": "seqmath",
        "type": "github"
      }
    }
  },
  "root": "root",
  "version": 7
}
